
Microsoft Visual Studio Solution File, Format Version 12.00
# Visual Studio Version 17
VisualStudioVersion = 17.13.35919.96 d17.13
MinimumVisualStudioVersion = 10.0.40219.1
Project("{FAE04EC0-301F-11D3-BF4B-00C04F79EFBC}") = "OTelAvecAspire", "OTelAvecAspire\OTelAvecAspire.csproj", "{A8BB1149-1701-2F4C-531C-E5994AAE1EDE}"
EndProject
Project("{FAE04EC0-301F-11D3-BF4B-00C04F79EFBC}") = "OTelAvecAspire.AppHost", "OTelAvecAspire.AppHost\OTelAvecAspire.AppHost.csproj", "{D5615F01-7A72-4B1F-84ED-FE9E65C9EB24}"
EndProject
Project("{FAE04EC0-301F-11D3-BF4B-00C04F79EFBC}") = "OTelAvecAspire.ServiceDefaults", "OTelAvecAspire.ServiceDefaults\OTelAvecAspire.ServiceDefaults.csproj", "{EB304A51-0D14-ECE1-3CEB-9E3C62763B62}"
EndProject
Global
	GlobalSection(SolutionConfigurationPlatforms) = preSolution
		Debug|Any CPU = Debug|Any CPU
		Release|Any CPU = Release|Any CPU
	EndGlobalSection
	GlobalSection(ProjectConfigurationPlatforms) = postSolution
		{A8BB1149-1701-2F4C-531C-E5994AAE1EDE}.Debug|Any CPU.ActiveCfg = Debug|Any CPU
		{A8BB1149-1701-2F4C-531C-E5994AAE1EDE}.Debug|Any CPU.Build.0 = Debug|Any CPU
		{A8BB1149-1701-2F4C-531C-E5994AAE1EDE}.Release|Any CPU.ActiveCfg = Release|Any CPU
		{A8BB1149-1701-2F4C-531C-E5994AAE1EDE}.Release|Any CPU.Build.0 = Release|Any CPU
		{D5615F01-7A72-4B1F-84ED-FE9E65C9EB24}.Debug|Any CPU.ActiveCfg = Debug|Any CPU
		{D5615F01-7A72-4B1F-84ED-FE9E65C9EB24}.Debug|Any CPU.Build.0 = Debug|Any CPU
		{D5615F01-7A72-4B1F-84ED-FE9E65C9EB24}.Release|Any CPU.ActiveCfg = Release|Any CPU
		{D5615F01-7A72-4B1F-84ED-FE9E65C9EB24}.Release|Any CPU.Build.0 = Release|Any CPU
		{EB304A51-0D14-ECE1-3CEB-9E3C62763B62}.Debug|Any CPU.ActiveCfg = Debug|Any CPU
		{EB304A51-0D14-ECE1-3CEB-9E3C62763B62}.Debug|Any CPU.Build.0 = Debug|Any CPU
		{EB304A51-0D14-ECE1-3CEB-9E3C62763B62}.Release|Any CPU.ActiveCfg = Release|Any CPU
		{EB304A51-0D14-ECE1-3CEB-9E3C62763B62}.Release|Any CPU.Build.0 = Release|Any CPU
	EndGlobalSection
	GlobalSection(SolutionProperties) = preSolution
		HideSolutionNode = FALSE
	EndGlobalSection
	GlobalSection(ExtensibilityGlobals) = postSolution
		SolutionGuid = {94BF403C-E784-45D4-8042-58210B81D27D}
	EndGlobalSection
EndGlobal
